
Microsoft Visual Studio Solution File, Format Version 12.00
# Visual Studio Version 16
VisualStudioVersion = 16.0.31515.178
MinimumVisualStudioVersion = 10.0.40219.1
Project("{FAE04EC0-301F-11D3-BF4B-00C04F79EFBC}") = "1mxblack", "1mxblack.csproj", "{1FD1E475-8C8D-483E-8830-C4A371B83694}"
EndProject
Global
	GlobalSection(SolutionConfigurationPlatforms) = preSolution
		Debug|Any CPU = Debug|Any CPU
		Release|Any CPU = Release|Any CPU
	EndGlobalSection
	GlobalSection(ProjectConfigurationPlatforms) = postSolution
		{1FD1E475-8C8D-483E-8830-C4A371B83694}.Debug|Any CPU.ActiveCfg = Debug|Any CPU
		{1FD1E475-8C8D-483E-8830-C4A371B83694}.Debug|Any CPU.Build.0 = Debug|Any CPU
		{1FD1E475-8C8D-483E-8830-C4A371B83694}.Release|Any CPU.ActiveCfg = Release|Any CPU
		{1FD1E475-8C8D-483E-8830-C4A371B83694}.Release|Any CPU.Build.0 = Release|Any CPU
	EndGlobalSection
	GlobalSection(SolutionProperties) = preSolution
		HideSolutionNode = FALSE
	EndGlobalSection
	GlobalSection(ExtensibilityGlobals) = postSolution
		SolutionGuid = {7D9BFC8E-3F38-4A22-A1B0-E9A8B6E73DDA}
	EndGlobalSection
EndGlobal
